
Microsoft Visual Studio Solution File, Format Version 12.00
# Visual Studio Version 17
VisualStudioVersion = 17.3.32901.215
MinimumVisualStudioVersion = 10.0.40219.1
Project("{9A19103F-16F7-4668-BE54-9A1E7A4F7556}") = "WebApplication1", "WebApplication1\WebApplication1\WebApplication1.csproj", "{42565990-72BC-4D92-A539-FB3D0C6A841B}"
EndProject
Project("{FAE04EC0-301F-11D3-BF4B-00C04F79EFBC}") = "TestProject1", "TestProject1\TestProject1.csproj", "{03C608D0-955B-4F6D-B0E8-3C8504CB8739}"
EndProject
Global
	GlobalSection(SolutionConfigurationPlatforms) = preSolution
		Debug|Any CPU = Debug|Any CPU
		Release|Any CPU = Release|Any CPU
	EndGlobalSection
	GlobalSection(ProjectConfigurationPlatforms) = postSolution
		{42565990-72BC-4D92-A539-FB3D0C6A841B}.Debug|Any CPU.ActiveCfg = Debug|Any CPU
		{42565990-72BC-4D92-A539-FB3D0C6A841B}.Debug|Any CPU.Build.0 = Debug|Any CPU
		{42565990-72BC-4D92-A539-FB3D0C6A841B}.Release|Any CPU.ActiveCfg = Release|Any CPU
		{42565990-72BC-4D92-A539-FB3D0C6A841B}.Release|Any CPU.Build.0 = Release|Any CPU
		{03C608D0-955B-4F6D-B0E8-3C8504CB8739}.Debug|Any CPU.ActiveCfg = Debug|Any CPU
		{03C608D0-955B-4F6D-B0E8-3C8504CB8739}.Debug|Any CPU.Build.0 = Debug|Any CPU
		{03C608D0-955B-4F6D-B0E8-3C8504CB8739}.Release|Any CPU.ActiveCfg = Release|Any CPU
		{03C608D0-955B-4F6D-B0E8-3C8504CB8739}.Release|Any CPU.Build.0 = Release|Any CPU
	EndGlobalSection
	GlobalSection(SolutionProperties) = preSolution
		HideSolutionNode = FALSE
	EndGlobalSection
	GlobalSection(ExtensibilityGlobals) = postSolution
		SolutionGuid = {66789055-5247-4D7D-B7AB-3C52A961BF60}
	EndGlobalSection
EndGlobal
